
Microsoft Visual Studio Solution File, Format Version 12.00
# Visual Studio Version 17
VisualStudioVersion = 17.10.35013.160
MinimumVisualStudioVersion = 10.0.40219.1
Project("{FAE04EC0-301F-11D3-BF4B-00C04F79EFBC}") = "PTHome", "PTHome\PTHome.csproj", "{A624789A-AC90-432D-AE41-3DCD15179F10}"
EndProject
Global
	GlobalSection(SolutionConfigurationPlatforms) = preSolution
		Debug|Any CPU = Debug|Any CPU
		Release|Any CPU = Release|Any CPU
	EndGlobalSection
	GlobalSection(ProjectConfigurationPlatforms) = postSolution
		{A624789A-AC90-432D-AE41-3DCD15179F10}.Debug|Any CPU.ActiveCfg = Debug|Any CPU
		{A624789A-AC90-432D-AE41-3DCD15179F10}.Debug|Any CPU.Build.0 = Debug|Any CPU
		{A624789A-AC90-432D-AE41-3DCD15179F10}.Release|Any CPU.ActiveCfg = Release|Any CPU
		{A624789A-AC90-432D-AE41-3DCD15179F10}.Release|Any CPU.Build.0 = Release|Any CPU
	EndGlobalSection
	GlobalSection(SolutionProperties) = preSolution
		HideSolutionNode = FALSE
	EndGlobalSection
	GlobalSection(ExtensibilityGlobals) = postSolution
		SolutionGuid = {204336DC-AEED-4051-AA72-54835C902E38}
	EndGlobalSection
EndGlobal
